
Microsoft Visual Studio Solution File, Format Version 12.00
# Visual Studio Version 17
VisualStudioVersion = 17.0.31903.59
MinimumVisualStudioVersion = 10.0.40219.1
Project("{2150E333-8FDC-42A3-9474-1A3956D46DE8}") = "src", "src", "{827E0CD3-B72D-47B6-A68D-7590B98EB39B}"
EndProject
Project("{FAE04EC0-301F-11D3-BF4B-00C04F79EFBC}") = "TodoExtended.Web", "src\TodoExtended.Web\TodoExtended.Web.csproj", "{D8F75A08-D19C-4F7E-BA21-A7774C1B440B}"
EndProject
Project("{2150E333-8FDC-42A3-9474-1A3956D46DE8}") = "tests", "tests", "{0AB3BF05-4346-4AA6-1389-037BE0695223}"
EndProject
Project("{FAE04EC0-301F-11D3-BF4B-00C04F79EFBC}") = "TodoExtended.E2E", "tests\TodoExtended.E2E\TodoExtended.E2E.csproj", "{8B42D45A-C325-4585-9E52-6FDDCCDB957C}"
EndProject
Project("{FAE04EC0-301F-11D3-BF4B-00C04F79EFBC}") = "TodoExtended.Components.Tests", "tests\TodoExtended.Components.Tests\TodoExtended.Components.Tests.csproj", "{980AC52C-BAC3-4FD8-99CC-1871C98D4817}"
EndProject
Project("{FAE04EC0-301F-11D3-BF4B-00C04F79EFBC}") = "TodoExtended.Tests", "tests\TodoExtended.Tests\TodoExtended.Tests.csproj", "{77F3274F-E020-41F7-A74B-72B40933783B}"
EndProject
Global
	GlobalSection(SolutionConfigurationPlatforms) = preSolution
		Debug|Any CPU = Debug|Any CPU
		Debug|x64 = Debug|x64
		Debug|x86 = Debug|x86
		Release|Any CPU = Release|Any CPU
		Release|x64 = Release|x64
		Release|x86 = Release|x86
	EndGlobalSection
	GlobalSection(ProjectConfigurationPlatforms) = postSolution
		{D8F75A08-D19C-4F7E-BA21-A7774C1B440B}.Debug|Any CPU.ActiveCfg = Debug|Any CPU
		{D8F75A08-D19C-4F7E-BA21-A7774C1B440B}.Debug|Any CPU.Build.0 = Debug|Any CPU
		{D8F75A08-D19C-4F7E-BA21-A7774C1B440B}.Debug|x64.ActiveCfg = Debug|Any CPU
		{D8F75A08-D19C-4F7E-BA21-A7774C1B440B}.Debug|x64.Build.0 = Debug|Any CPU
		{D8F75A08-D19C-4F7E-BA21-A7774C1B440B}.Debug|x86.ActiveCfg = Debug|Any CPU
		{D8F75A08-D19C-4F7E-BA21-A7774C1B440B}.Debug|x86.Build.0 = Debug|Any CPU
		{D8F75A08-D19C-4F7E-BA21-A7774C1B440B}.Release|Any CPU.ActiveCfg = Release|Any CPU
		{D8F75A08-D19C-4F7E-BA21-A7774C1B440B}.Release|Any CPU.Build.0 = Release|Any CPU
		{D8F75A08-D19C-4F7E-BA21-A7774C1B440B}.Release|x64.ActiveCfg = Release|Any CPU
		{D8F75A08-D19C-4F7E-BA21-A7774C1B440B}.Release|x64.Build.0 = Release|Any CPU
		{D8F75A08-D19C-4F7E-BA21-A7774C1B440B}.Release|x86.ActiveCfg = Release|Any CPU
		{D8F75A08-D19C-4F7E-BA21-A7774C1B440B}.Release|x86.Build.0 = Release|Any CPU
		{8B42D45A-C325-4585-9E52-6FDDCCDB957C}.Debug|Any CPU.ActiveCfg = Debug|Any CPU
		{8B42D45A-C325-4585-9E52-6FDDCCDB957C}.Debug|Any CPU.Build.0 = Debug|Any CPU
		{8B42D45A-C325-4585-9E52-6FDDCCDB957C}.Debug|x64.ActiveCfg = Debug|Any CPU
		{8B42D45A-C325-4585-9E52-6FDDCCDB957C}.Debug|x64.Build.0 = Debug|Any CPU
		{8B42D45A-C325-4585-9E52-6FDDCCDB957C}.Debug|x86.ActiveCfg = Debug|Any CPU
		{8B42D45A-C325-4585-9E52-6FDDCCDB957C}.Debug|x86.Build.0 = Debug|Any CPU
		{8B42D45A-C325-4585-9E52-6FDDCCDB957C}.Release|Any CPU.ActiveCfg = Release|Any CPU
		{8B42D45A-C325-4585-9E52-6FDDCCDB957C}.Release|Any CPU.Build.0 = Release|Any CPU
		{8B42D45A-C325-4585-9E52-6FDDCCDB957C}.Release|x64.ActiveCfg = Release|Any CPU
		{8B42D45A-C325-4585-9E52-6FDDCCDB957C}.Release|x64.Build.0 = Release|Any CPU
		{8B42D45A-C325-4585-9E52-6FDDCCDB957C}.Release|x86.ActiveCfg = Release|Any CPU
		{8B42D45A-C325-4585-9E52-6FDDCCDB957C}.Release|x86.Build.0 = Release|Any CPU
		{980AC52C-BAC3-4FD8-99CC-1871C98D4817}.Debug|Any CPU.ActiveCfg = Debug|Any CPU
		{980AC52C-BAC3-4FD8-99CC-1871C98D4817}.Debug|Any CPU.Build.0 = Debug|Any CPU
		{980AC52C-BAC3-4FD8-99CC-1871C98D4817}.Debug|x64.ActiveCfg = Debug|Any CPU
		{980AC52C-BAC3-4FD8-99CC-1871C98D4817}.Debug|x64.Build.0 = Debug|Any CPU
		{980AC52C-BAC3-4FD8-99CC-1871C98D4817}.Debug|x86.ActiveCfg = Debug|Any CPU
		{980AC52C-BAC3-4FD8-99CC-1871C98D4817}.Debug|x86.Build.0 = Debug|Any CPU
		{980AC52C-BAC3-4FD8-99CC-1871C98D4817}.Release|Any CPU.ActiveCfg = Release|Any CPU
		{980AC52C-BAC3-4FD8-99CC-1871C98D4817}.Release|Any CPU.Build.0 = Release|Any CPU
		{980AC52C-BAC3-4FD8-99CC-1871C98D4817}.Release|x64.ActiveCfg = Release|Any CPU
		{980AC52C-BAC3-4FD8-99CC-1871C98D4817}.Release|x64.Build.0 = Release|Any CPU
		{980AC52C-BAC3-4FD8-99CC-1871C98D4817}.Release|x86.ActiveCfg = Release|Any CPU
		{980AC52C-BAC3-4FD8-99CC-1871C98D4817}.Release|x86.Build.0 = Release|Any CPU
		{77F3274F-E020-41F7-A74B-72B40933783B}.Debug|Any CPU.ActiveCfg = Debug|Any CPU
		{77F3274F-E020-41F7-A74B-72B40933783B}.Debug|Any CPU.Build.0 = Debug|Any CPU
		{77F3274F-E020-41F7-A74B-72B40933783B}.Debug|x64.ActiveCfg = Debug|Any CPU
		{77F3274F-E020-41F7-A74B-72B40933783B}.Debug|x64.Build.0 = Debug|Any CPU
		{77F3274F-E020-41F7-A74B-72B40933783B}.Debug|x86.ActiveCfg = Debug|Any CPU
		{77F3274F-E020-41F7-A74B-72B40933783B}.Debug|x86.Build.0 = Debug|Any CPU
		{77F3274F-E020-41F7-A74B-72B40933783B}.Release|Any CPU.ActiveCfg = Release|Any CPU
		{77F3274F-E020-41F7-A74B-72B40933783B}.Release|Any CPU.Build.0 = Release|Any CPU
		{77F3274F-E020-41F7-A74B-72B40933783B}.Release|x64.ActiveCfg = Release|Any CPU
		{77F3274F-E020-41F7-A74B-72B40933783B}.Release|x64.Build.0 = Release|Any CPU
		{77F3274F-E020-41F7-A74B-72B40933783B}.Release|x86.ActiveCfg = Release|Any CPU
		{77F3274F-E020-41F7-A74B-72B40933783B}.Release|x86.Build.0 = Release|Any CPU
	EndGlobalSection
	GlobalSection(SolutionProperties) = preSolution
		HideSolutionNode = FALSE
	EndGlobalSection
	GlobalSection(NestedProjects) = preSolution
		{D8F75A08-D19C-4F7E-BA21-A7774C1B440B} = {827E0CD3-B72D-47B6-A68D-7590B98EB39B}
		{8B42D45A-C325-4585-9E52-6FDDCCDB957C} = {0AB3BF05-4346-4AA6-1389-037BE0695223}
		{980AC52C-BAC3-4FD8-99CC-1871C98D4817} = {0AB3BF05-4346-4AA6-1389-037BE0695223}
		{77F3274F-E020-41F7-A74B-72B40933783B} = {0AB3BF05-4346-4AA6-1389-037BE0695223}
	EndGlobalSection
EndGlobal
